
Microsoft Visual Studio Solution File, Format Version 12.00
# Visual Studio 15
Project("{FAE04EC0-301F-11D3-BF4B-00C04F79EFBC}") = "TaxCalculator.Android", "TaxCalculator.Android\TaxCalculator.Android.csproj", "{86A385A7-6F39-46B1-9CD4-6A6526EFE040}"
EndProject
Project("{FAE04EC0-301F-11D3-BF4B-00C04F79EFBC}") = "TaxCalculator.Shared", "TaxCalculator.Shared\TaxCalculator.Shared.csproj", "{ADE9DE96-D5D3-4368-A160-332A228054F9}"
EndProject
Global
	GlobalSection(SolutionConfigurationPlatforms) = preSolution
		Debug|Any CPU = Debug|Any CPU
		Release|Any CPU = Release|Any CPU
	EndGlobalSection
	GlobalSection(ProjectConfigurationPlatforms) = postSolution
		{86A385A7-6F39-46B1-9CD4-6A6526EFE040}.Debug|Any CPU.ActiveCfg = Debug|Any CPU
		{86A385A7-6F39-46B1-9CD4-6A6526EFE040}.Debug|Any CPU.Build.0 = Debug|Any CPU
		{86A385A7-6F39-46B1-9CD4-6A6526EFE040}.Release|Any CPU.ActiveCfg = Release|Any CPU
		{86A385A7-6F39-46B1-9CD4-6A6526EFE040}.Release|Any CPU.Build.0 = Release|Any CPU
		{ADE9DE96-D5D3-4368-A160-332A228054F9}.Debug|Any CPU.ActiveCfg = Debug|Any CPU
		{ADE9DE96-D5D3-4368-A160-332A228054F9}.Debug|Any CPU.Build.0 = Debug|Any CPU
		{ADE9DE96-D5D3-4368-A160-332A228054F9}.Release|Any CPU.ActiveCfg = Release|Any CPU
		{ADE9DE96-D5D3-4368-A160-332A228054F9}.Release|Any CPU.Build.0 = Release|Any CPU
	EndGlobalSection
EndGlobal
